
Microsoft Visual Studio Solution File, Format Version 12.00
# Visual Studio Version 16
VisualStudioVersion = 16.0.29806.167
MinimumVisualStudioVersion = 10.0.40219.1
Project("{FAE04EC0-301F-11D3-BF4B-00C04F79EFBC}") = "LSPLibrary", "LSPLibrary\LSPLibrary.csproj", "{99C6837E-C7BF-494E-BC6A-56681561F1E8}"
EndProject
Project("{FAE04EC0-301F-11D3-BF4B-00C04F79EFBC}") = "ConsoleUI", "ConsoleUI\ConsoleUI.csproj", "{968064E4-83E6-40A5-BF90-03CC710B1F1D}"
EndProject
Global
	GlobalSection(SolutionConfigurationPlatforms) = preSolution
		Debug|Any CPU = Debug|Any CPU
		Release|Any CPU = Release|Any CPU
	EndGlobalSection
	GlobalSection(ProjectConfigurationPlatforms) = postSolution
		{99C6837E-C7BF-494E-BC6A-56681561F1E8}.Debug|Any CPU.ActiveCfg = Debug|Any CPU
		{99C6837E-C7BF-494E-BC6A-56681561F1E8}.Debug|Any CPU.Build.0 = Debug|Any CPU
		{99C6837E-C7BF-494E-BC6A-56681561F1E8}.Release|Any CPU.ActiveCfg = Release|Any CPU
		{99C6837E-C7BF-494E-BC6A-56681561F1E8}.Release|Any CPU.Build.0 = Release|Any CPU
		{968064E4-83E6-40A5-BF90-03CC710B1F1D}.Debug|Any CPU.ActiveCfg = Debug|Any CPU
		{968064E4-83E6-40A5-BF90-03CC710B1F1D}.Debug|Any CPU.Build.0 = Debug|Any CPU
		{968064E4-83E6-40A5-BF90-03CC710B1F1D}.Release|Any CPU.ActiveCfg = Release|Any CPU
		{968064E4-83E6-40A5-BF90-03CC710B1F1D}.Release|Any CPU.Build.0 = Release|Any CPU
	EndGlobalSection
	GlobalSection(SolutionProperties) = preSolution
		HideSolutionNode = FALSE
	EndGlobalSection
	GlobalSection(ExtensibilityGlobals) = postSolution
		SolutionGuid = {B19EDB91-C435-497A-8185-0622B8E4F06E}
	EndGlobalSection
EndGlobal
